
Microsoft Visual Studio Solution File, Format Version 12.00
# Visual Studio 15
VisualStudioVersion = 15.0.27130.2027
MinimumVisualStudioVersion = 10.0.40219.1
Project("{8BC9CEB8-8B4A-11D0-8D11-00A0C91BC942}") = "ChessGame", "ChessGame\ChessGame.vcxproj", "{2A5041F9-3F52-4AAD-A4C2-8F17EB7C4C9A}"
EndProject
Global
	GlobalSection(SolutionConfigurationPlatforms) = preSolution
		Debug|x64 = Debug|x64
		Debug|x86 = Debug|x86
		Release|x64 = Release|x64
		Release|x86 = Release|x86
	EndGlobalSection
	GlobalSection(ProjectConfigurationPlatforms) = postSolution
		{2A5041F9-3F52-4AAD-A4C2-8F17EB7C4C9A}.Debug|x64.ActiveCfg = Debug|x64
		{2A5041F9-3F52-4AAD-A4C2-8F17EB7C4C9A}.Debug|x64.Build.0 = Debug|x64
		{2A5041F9-3F52-4AAD-A4C2-8F17EB7C4C9A}.Debug|x86.ActiveCfg = Debug|Win32
		{2A5041F9-3F52-4AAD-A4C2-8F17EB7C4C9A}.Debug|x86.Build.0 = Debug|Win32
		{2A5041F9-3F52-4AAD-A4C2-8F17EB7C4C9A}.Release|x64.ActiveCfg = Release|x64
		{2A5041F9-3F52-4AAD-A4C2-8F17EB7C4C9A}.Release|x64.Build.0 = Release|x64
		{2A5041F9-3F52-4AAD-A4C2-8F17EB7C4C9A}.Release|x86.ActiveCfg = Release|Win32
		{2A5041F9-3F52-4AAD-A4C2-8F17EB7C4C9A}.Release|x86.Build.0 = Release|Win32
	EndGlobalSection
	GlobalSection(SolutionProperties) = preSolution
		HideSolutionNode = FALSE
	EndGlobalSection
	GlobalSection(ExtensibilityGlobals) = postSolution
		SolutionGuid = {364C1DC7-85D8-490B-863F-F0330F795990}
	EndGlobalSection
EndGlobal
