<?xml version="1.0" encoding="utf-8"?>
<Project ToolsVersion="4.0" xmlns="http://schemas.microsoft.com/developer/msbuild/2003">
  <ItemGroup>
    <Filter Include="소스 파일">
      <UniqueIdentifier>{4FC737F1-C7A5-4376-A066-2A32D752A2FF}</UniqueIdentifier>
      <Extensions>cpp;c;cc;cxx;def;odl;idl;hpj;bat;asm;asmx</Extensions>
    </Filter>
    <Filter Include="헤더 파일">
      <UniqueIdentifier>{93995380-89BD-4b04-88EB-625FBE52EBFB}</UniqueIdentifier>
      <Extensions>h;hh;hpp;hxx;hm;inl;inc;xsd</Extensions>
    </Filter>
    <Filter Include="리소스 파일">
      <UniqueIdentifier>{67DA6AB6-F800-4c08-8B7A-83BB121AAD01}</UniqueIdentifier>
      <Extensions>rc;ico;cur;bmp;dlg;rc2;rct;bin;rgs;gif;jpg;jpeg;jpe;resx;tiff;tif;png;wav;mfcribbon-ms</Extensions>
    </Filter>
  </ItemGroup>
  <ItemGroup>
    <ClInclude Include="stdafx.h">
      <Filter>헤더 파일</Filter>
    </ClInclude>
    <ClInclude Include="targetver.h">
      <Filter>헤더 파일</Filter>
    </ClInclude>
    <ClInclude Include="ChessConsole.h">
      <Filter>헤더 파일</Filter>
    </ClInclude>
    <ClInclude Include="ChessBoard.h">
      <Filter>헤더 파일</Filter>
    </ClInclude>
    <ClInclude Include="ChessGraphics.h">
      <Filter>헤더 파일</Filter>
    </ClInclude>
    <ClInclude Include="Pieces.h">
      <Filter>헤더 파일</Filter>
    </ClInclude>
    <ClInclude Include="King.h">
      <Filter>헤더 파일</Filter>
    </ClInclude>
    <ClInclude Include="Queen.h">
      <Filter>헤더 파일</Filter>
    </ClInclude>
    <ClInclude Include="Pawn.h">
      <Filter>헤더 파일</Filter>
    </ClInclude>
    <ClInclude Include="Knight.h">
      <Filter>헤더 파일</Filter>
    </ClInclude>
    <ClInclude Include="Bishop.h">
      <Filter>헤더 파일</Filter>
    </ClInclude>
    <ClInclude Include="Rook.h">
      <Filter>헤더 파일</Filter>
    </ClInclude>
  </ItemGroup>
  <ItemGroup>
    <ClCompile Include="stdafx.cpp">
      <Filter>소스 파일</Filter>
    </ClCompile>
    <ClCompile Include="ChessGame.cpp">
      <Filter>소스 파일</Filter>
    </ClCompile>
    <ClCompile Include="ChessConsole.ChessConsole.cpp">
      <Filter>소스 파일</Filter>
    </ClCompile>
    <ClCompile Include="ChessConsole.Run.cpp">
      <Filter>소스 파일</Filter>
    </ClCompile>
    <ClCompile Include="ChessBoard.ChessBoard.cpp">
      <Filter>소스 파일</Filter>
    </ClCompile>
    <ClCompile Include="ChessBoard.~ChessBoard.cpp">
      <Filter>소스 파일</Filter>
    </ClCompile>
    <ClCompile Include="ChessBoard.GetPiece.cpp">
      <Filter>소스 파일</Filter>
    </ClCompile>
    <ClCompile Include="ChessGraphics.ChessGraphics.cpp">
      <Filter>소스 파일</Filter>
    </ClCompile>
    <ClCompile Include="ChessGraphics.Render.cpp">
      <Filter>소스 파일</Filter>
    </ClCompile>
    <ClCompile Include="ChessGraphics.Tochar.cpp">
      <Filter>소스 파일</Filter>
    </ClCompile>
    <ClCompile Include="Queen.cpp">
      <Filter>소스 파일</Filter>
    </ClCompile>
    <ClCompile Include="King.cpp">
      <Filter>소스 파일</Filter>
    </ClCompile>
    <ClCompile Include="Knight.cpp">
      <Filter>소스 파일</Filter>
    </ClCompile>
    <ClCompile Include="Rook.cpp">
      <Filter>소스 파일</Filter>
    </ClCompile>
    <ClCompile Include="Bishop.cpp">
      <Filter>소스 파일</Filter>
    </ClCompile>
    <ClCompile Include="Pawn.cpp">
      <Filter>소스 파일</Filter>
    </ClCompile>
    <ClCompile Include="Pieces.Move.cpp">
      <Filter>소스 파일</Filter>
    </ClCompile>
    <ClCompile Include="Pieces.Pieces.cpp">
      <Filter>소스 파일</Filter>
    </ClCompile>
  </ItemGroup>
</Project>